// !$*UTF8*$!
{
archiveVersion = 1;
classes = {};
objectVersion = 56;
objects = {

/* Begin PBXBuildFile section */
6C6E3A0A2B3CB17000000001 /* NotesApp.swift in Sources */ = {isa = PBXBuildFile; fileRef = 6C6E3A012B3CB17000000001 /* NotesApp.swift */; };
6C6E3A0B2B3CB17000000001 /* Note.swift in Sources */ = {isa = PBXBuildFile; fileRef = 6C6E3A022B3CB17000000001 /* Note.swift */; };
6C6E3A0C2B3CB17000000001 /* NotesViewModel.swift in Sources */ = {isa = PBXBuildFile; fileRef = 6C6E3A032B3CB17000000001 /* NotesViewModel.swift */; };
6C6E3A0D2B3CB17000000001 /* NoteListView.swift in Sources */ = {isa = PBXBuildFile; fileRef = 6C6E3A042B3CB17000000001 /* NoteListView.swift */; };
6C6E3A0E2B3CB17000000001 /* NoteEditorView.swift in Sources */ = {isa = PBXBuildFile; fileRef = 6C6E3A052B3CB17000000001 /* NoteEditorView.swift */; };
6C6E3A0F2B3CB17000000001 /* NoteRowView.swift in Sources */ = {isa = PBXBuildFile; fileRef = 6C6E3A062B3CB17000000001 /* NoteRowView.swift */; };
6C6E3A102B3CB17000000001 /* NotesStore.swift in Sources */ = {isa = PBXBuildFile; fileRef = 6C6E3A072B3CB17000000001 /* NotesStore.swift */; };
6C6E3A112B3CB17000000001 /* InMemoryNotesStore.swift in Sources */ = {isa = PBXBuildFile; fileRef = 6C6E3A082B3CB17000000001 /* InMemoryNotesStore.swift */; };
6C6E3A132B3CB17000000001 /* Assets.xcassets in Resources */ = {isa = PBXBuildFile; fileRef = 6C6E3A0B2B3CB17000000002 /* Assets.xcassets */; };
/* End PBXBuildFile section */

/* Begin PBXFileReference section */
6C6E3A012B3CB17000000001 /* NotesApp.swift */ = {isa = PBXFileReference; lastKnownFileType = sourcecode.swift; path = NotesApp.swift; sourceTree = "<group>"; };
6C6E3A022B3CB17000000001 /* Note.swift */ = {isa = PBXFileReference; lastKnownFileType = sourcecode.swift; path = Models/Note.swift; sourceTree = "<group>"; };
6C6E3A032B3CB17000000001 /* NotesViewModel.swift */ = {isa = PBXFileReference; lastKnownFileType = sourcecode.swift; path = ViewModels/NotesViewModel.swift; sourceTree = "<group>"; };
6C6E3A042B3CB17000000001 /* NoteListView.swift */ = {isa = PBXFileReference; lastKnownFileType = sourcecode.swift; path = Views/NoteListView.swift; sourceTree = "<group>"; };
6C6E3A052B3CB17000000001 /* NoteEditorView.swift */ = {isa = PBXFileReference; lastKnownFileType = sourcecode.swift; path = Views/NoteEditorView.swift; sourceTree = "<group>"; };
6C6E3A062B3CB17000000001 /* NoteRowView.swift */ = {isa = PBXFileReference; lastKnownFileType = sourcecode.swift; path = Views/NoteRowView.swift; sourceTree = "<group>"; };
6C6E3A072B3CB17000000001 /* NotesStore.swift */ = {isa = PBXFileReference; lastKnownFileType = sourcecode.swift; path = Persistence/NotesStore.swift; sourceTree = "<group>"; };
6C6E3A082B3CB17000000001 /* InMemoryNotesStore.swift */ = {isa = PBXFileReference; lastKnownFileType = sourcecode.swift; path = Persistence/InMemoryNotesStore.swift; sourceTree = "<group>"; };
6C6E3A0A2B3CB17000000002 /* Info.plist */ = {isa = PBXFileReference; lastKnownFileType = text.plist.xml; path = Info.plist; sourceTree = "<group>"; };
6C6E3A0B2B3CB17000000002 /* Assets.xcassets */ = {isa = PBXFileReference; lastKnownFileType = folder.assetcatalog; path = Assets.xcassets; sourceTree = "<group>"; };
/* End PBXFileReference section */

/* Begin PBXFrameworksBuildPhase section */
6C6E3A0C2B3CB18000000001 /* Frameworks */ = {
isa = PBXFrameworksBuildPhase;
buildActionMask = 2147483647;
files = (
);
runOnlyForDeploymentPostprocessing = 0;
};
/* End PBXFrameworksBuildPhase section */

/* Begin PBXGroup section */
6C6E3A002B3CB17000000001 = {
isa = PBXGroup;
children = (
6C6E3A092B3CB17000000001 /* NotesApp */,
);
sourceTree = "<group>";
};
6C6E3A092B3CB17000000001 /* NotesApp */ = {
isa = PBXGroup;
children = (
6C6E3A012B3CB17000000001 /* NotesApp.swift */,
6C6E3A022B3CB17000000001 /* Note.swift */,
6C6E3A032B3CB17000000001 /* NotesViewModel.swift */,
6C6E3A042B3CB17000000001 /* NoteListView.swift */,
6C6E3A052B3CB17000000001 /* NoteEditorView.swift */,
6C6E3A062B3CB17000000001 /* NoteRowView.swift */,
6C6E3A072B3CB17000000001 /* NotesStore.swift */,
6C6E3A082B3CB17000000001 /* InMemoryNotesStore.swift */,
6C6E3A0B2B3CB17000000002 /* Assets.xcassets */,
6C6E3A0A2B3CB17000000002 /* Info.plist */,
);
path = NotesApp;
sourceTree = "<group>";
};
/* End PBXGroup section */

/* Begin PBXNativeTarget section */
6C6E3A0D2B3CB18000000002 /* NotesApp */ = {
isa = PBXNativeTarget;
buildConfigurationList = 6C6E3A122B3CB18000000002 /* Build configuration list for PBXNativeTarget "NotesApp" */;
buildPhases = (
6C6E3A0E2B3CB18000000001 /* Sources */,
6C6E3A0C2B3CB18000000001 /* Frameworks */,
6C6E3A0F2B3CB18000000001 /* Resources */,
);
buildRules = (
);
dependencies = (
);
name = NotesApp;
productName = NotesApp;
productReference = 6C6E3A0E2B3CB18000000002 /* NotesApp.app */;
productType = "com.apple.product-type.application";
};
/* End PBXNativeTarget section */

/* Begin PBXProject section */
6C6E3A002B3CB17000000002 /* Project object */ = {
isa = PBXProject;
attributes = {
BuildIndependentTargetsInParallel = 1;
LastSwiftUpdateCheck = 1500;
LastUpgradeCheck = 1500;
TargetAttributes = {
6C6E3A0D2B3CB18000000002 = {
CreatedOnToolsVersion = 15.0;
};
};
};
buildConfigurationList = 6C6E3A032B3CB18000000002 /* Build configuration list for PBXProject "NotesApp" */;
compatibilityVersion = "Xcode 15.0";
developmentRegion = en;
hasScannedForEncodings = 0;
knownRegions = (
en,
);
mainGroup = 6C6E3A002B3CB17000000001;
productRefGroup = 6C6E3A092B3CB17000000001 /* NotesApp */;
projectDirPath = "";
projectRoot = "";
targets = (
6C6E3A0D2B3CB18000000002 /* NotesApp */,
);
};
/* End PBXProject section */

/* Begin PBXResourcesBuildPhase section */
6C6E3A0F2B3CB18000000001 /* Resources */ = {
isa = PBXResourcesBuildPhase;
buildActionMask = 2147483647;
files = (
6C6E3A132B3CB17000000001 /* Assets.xcassets in Resources */,
);
runOnlyForDeploymentPostprocessing = 0;
};
/* End PBXResourcesBuildPhase section */

/* Begin PBXSourcesBuildPhase section */
6C6E3A0E2B3CB18000000001 /* Sources */ = {
isa = PBXSourcesBuildPhase;
buildActionMask = 2147483647;
files = (
6C6E3A0A2B3CB17000000001 /* NotesApp.swift in Sources */,
6C6E3A0B2B3CB17000000001 /* Note.swift in Sources */,
6C6E3A0C2B3CB17000000001 /* NotesViewModel.swift in Sources */,
6C6E3A0D2B3CB17000000001 /* NoteListView.swift in Sources */,
6C6E3A0E2B3CB17000000001 /* NoteEditorView.swift in Sources */,
6C6E3A0F2B3CB17000000001 /* NoteRowView.swift in Sources */,
6C6E3A102B3CB17000000001 /* NotesStore.swift in Sources */,
6C6E3A112B3CB17000000001 /* InMemoryNotesStore.swift in Sources */,
);
runOnlyForDeploymentPostprocessing = 0;
};
/* End PBXSourcesBuildPhase section */

/* Begin XCBuildConfiguration section */
6C6E3A042B3CB18000000002 /* Debug */ = {
isa = XCBuildConfiguration;
buildSettings = {
ALWAYS_SEARCH_USER_PATHS = NO;
ASSETCATALOG_COMPILER_APPICON_NAME = AppIcon;
ASSETCATALOG_COMPILER_GLOBAL_ACCENT_COLOR_NAME = AccentColor;
CLANG_ANALYZER_NONNULL = YES;
CLANG_ANALYZER_NUMBER_OBJECT_CONVERSION = YES_AGGRESSIVE;
CLANG_CXX_LANGUAGE_STANDARD = "gnu++20";
CLANG_ENABLE_MODULES = YES;
CLANG_ENABLE_OBJC_ARC = YES;
CLANG_WARN_BLOCK_CAPTURE_AUTORELEASING = YES;
CLANG_WARN_BOOL_CONVERSION = YES;
CLANG_WARN_COMMA = YES;
CLANG_WARN_CONSTANT_CONVERSION = YES;
CLANG_WARN_DEPRECATED_OBJC_IMPLEMENTATIONS = YES;
CLANG_WARN_DIRECT_OBJC_ISA_USAGE = YES_ERROR;
CLANG_WARN_DOCUMENTATION_COMMENTS = YES;
CLANG_WARN_EMPTY_BODY = YES;
CLANG_WARN_ENUM_CONVERSION = YES;
CLANG_WARN_INFINITE_RECURSION = YES;
CLANG_WARN_INT_CONVERSION = YES;
CLANG_WARN_NON_LITERAL_NULL_CONVERSION = YES;
CLANG_WARN_OBJC_IMPLICIT_RETAIN_SELF = YES;
CLANG_WARN_OBJC_LITERAL_CONVERSION = YES;
CLANG_WARN_QUOTED_INCLUDE_IN_FRAMEWORK_HEADER = YES;
CLANG_WARN_RANGE_LOOP_ANALYSIS = YES;
CLANG_WARN_STRICT_PROTOTYPES = YES;
CLANG_WARN_SUSPICIOUS_MOVE = YES;
CLANG_WARN_UNGUARDED_AVAILABILITY = YES_AGGRESSIVE;
CODE_SIGN_STYLE = Automatic;
CURRENT_PROJECT_VERSION = 1;
DEVELOPMENT_ASSET_PATHS = "";
DEVELOPMENT_TEAM = "";
ENABLE_PREVIEWS = YES;
ENABLE_TESTABILITY = YES;
GENERATE_INFOPLIST_FILE = NO;
GCC_C_LANGUAGE_STANDARD = gnu17;
INFOPLIST_FILE = NotesApp/Info.plist;
IPHONEOS_DEPLOYMENT_TARGET = 17.0;
LD_RUNPATH_SEARCH_PATHS = (
"$(inherited)",
"@executable_path/Frameworks",
);
MARKETING_VERSION = 1.0;
MTL_FAST_MATH = YES;
PRODUCT_BUNDLE_IDENTIFIER = com.example.notesapp;
PRODUCT_NAME = "$(TARGET_NAME)";
SDKROOT = iphoneos;
SUPPORTS_MACCATALYST = NO;
SWIFT_EMIT_LOC_STRINGS = YES;
SWIFT_VERSION = 5.0;
TARGETED_DEVICE_FAMILY = 1;
VALID_ARCHS = "arm64 x86_64";
};
name = Debug;
};
6C6E3A052B3CB18000000002 /* Release */ = {
isa = XCBuildConfiguration;
buildSettings = {
ALWAYS_SEARCH_USER_PATHS = NO;
ASSETCATALOG_COMPILER_APPICON_NAME = AppIcon;
ASSETCATALOG_COMPILER_GLOBAL_ACCENT_COLOR_NAME = AccentColor;
CLANG_ANALYZER_NONNULL = YES;
CLANG_ANALYZER_NUMBER_OBJECT_CONVERSION = YES_AGGRESSIVE;
CLANG_CXX_LANGUAGE_STANDARD = "gnu++20";
CLANG_ENABLE_MODULES = YES;
CLANG_ENABLE_OBJC_ARC = YES;
CLANG_WARN_BLOCK_CAPTURE_AUTORELEASING = YES;
CLANG_WARN_BOOL_CONVERSION = YES;
CLANG_WARN_COMMA = YES;
CLANG_WARN_CONSTANT_CONVERSION = YES;
CLANG_WARN_DEPRECATED_OBJC_IMPLEMENTATIONS = YES;
CLANG_WARN_DIRECT_OBJC_ISA_USAGE = YES_ERROR;
CLANG_WARN_DOCUMENTATION_COMMENTS = YES;
CLANG_WARN_EMPTY_BODY = YES;
CLANG_WARN_ENUM_CONVERSION = YES;
CLANG_WARN_INFINITE_RECURSION = YES;
CLANG_WARN_INT_CONVERSION = YES;
CLANG_WARN_NON_LITERAL_NULL_CONVERSION = YES;
CLANG_WARN_OBJC_IMPLICIT_RETAIN_SELF = YES;
CLANG_WARN_OBJC_LITERAL_CONVERSION = YES;
CLANG_WARN_QUOTED_INCLUDE_IN_FRAMEWORK_HEADER = YES;
CLANG_WARN_RANGE_LOOP_ANALYSIS = YES;
CLANG_WARN_STRICT_PROTOTYPES = YES;
CLANG_WARN_SUSPICIOUS_MOVE = YES;
CLANG_WARN_UNGUARDED_AVAILABILITY = YES_AGGRESSIVE;
CODE_SIGN_STYLE = Automatic;
CURRENT_PROJECT_VERSION = 1;
DEVELOPMENT_ASSET_PATHS = "";
DEVELOPMENT_TEAM = "";
ENABLE_PREVIEWS = YES;
GENERATE_INFOPLIST_FILE = NO;
GCC_C_LANGUAGE_STANDARD = gnu17;
INFOPLIST_FILE = NotesApp/Info.plist;
IPHONEOS_DEPLOYMENT_TARGET = 17.0;
LD_RUNPATH_SEARCH_PATHS = (
"$(inherited)",
"@executable_path/Frameworks",
);
MARKETING_VERSION = 1.0;
MTL_FAST_MATH = YES;
PRODUCT_BUNDLE_IDENTIFIER = com.example.notesapp;
PRODUCT_NAME = "$(TARGET_NAME)";
SDKROOT = iphoneos;
SUPPORTS_MACCATALYST = NO;
SWIFT_EMIT_LOC_STRINGS = YES;
SWIFT_OPTIMIZATION_LEVEL = "-O";
SWIFT_VERSION = 5.0;
TARGETED_DEVICE_FAMILY = 1;
VALID_ARCHS = "arm64 x86_64";
};
name = Release;
};
6C6E3A062B3CB18000000002 /* Debug */ = {
isa = XCBuildConfiguration;
buildSettings = {
ALWAYS_SEARCH_USER_PATHS = NO;
CLANG_ANALYZER_NONNULL = YES;
CLANG_ANALYZER_NUMBER_OBJECT_CONVERSION = YES_AGGRESSIVE;
CLANG_CXX_LANGUAGE_STANDARD = "gnu++20";
CLANG_ENABLE_MODULES = YES;
CLANG_ENABLE_OBJC_ARC = YES;
CLANG_WARN_BLOCK_CAPTURE_AUTORELEASING = YES;
CLANG_WARN_BOOL_CONVERSION = YES;
CLANG_WARN_COMMA = YES;
CLANG_WARN_CONSTANT_CONVERSION = YES;
CLANG_WARN_DEPRECATED_OBJC_IMPLEMENTATIONS = YES;
CLANG_WARN_DIRECT_OBJC_ISA_USAGE = YES_ERROR;
CLANG_WARN_DOCUMENTATION_COMMENTS = YES;
CLANG_WARN_EMPTY_BODY = YES;
CLANG_WARN_ENUM_CONVERSION = YES;
CLANG_WARN_INFINITE_RECURSION = YES;
CLANG_WARN_INT_CONVERSION = YES;
CLANG_WARN_NON_LITERAL_NULL_CONVERSION = YES;
CLANG_WARN_OBJC_IMPLICIT_RETAIN_SELF = YES;
CLANG_WARN_OBJC_LITERAL_CONVERSION = YES;
CLANG_WARN_QUOTED_INCLUDE_IN_FRAMEWORK_HEADER = YES;
CLANG_WARN_RANGE_LOOP_ANALYSIS = YES;
CLANG_WARN_STRICT_PROTOTYPES = YES;
CLANG_WARN_SUSPICIOUS_MOVE = YES;
CLANG_WARN_UNGUARDED_AVAILABILITY = YES_AGGRESSIVE;
COPY_PHASE_STRIP = NO;
DEBUG_INFORMATION_FORMAT = dwarf;
ENABLE_STRICT_OBJC_MSGSEND = YES;
ENABLE_TESTABILITY = YES;
GCC_C_LANGUAGE_STANDARD = gnu17;
GCC_DYNAMIC_NO_PIC = NO;
GCC_NO_COMMON_BLOCKS = YES;
GCC_OPTIMIZATION_LEVEL = 0;
GCC_PREPROCESSOR_DEFINITIONS = (
"DEBUG=1",
"$(inherited)",
);
GCC_WARN_64_TO_32_BIT_CONVERSION = YES;
GCC_WARN_ABOUT_RETURN_TYPE = YES_ERROR;
GCC_WARN_UNDECLARED_SELECTOR = YES;
GCC_WARN_UNINITIALIZED_AUTOS = YES_AGGRESSIVE;
GCC_WARN_UNUSED_FUNCTION = YES;
GCC_WARN_UNUSED_VARIABLE = YES;
IPHONEOS_DEPLOYMENT_TARGET = 17.0;
MTL_ENABLE_DEBUG_INFO = INCLUDE_SOURCE;
ONLY_ACTIVE_ARCH = YES;
SDKROOT = iphoneos;
SWIFT_ACTIVE_COMPILATION_CONDITIONS = DEBUG;
SWIFT_VERSION = 5.0;
};
name = Debug;
};
6C6E3A072B3CB18000000002 /* Release */ = {
isa = XCBuildConfiguration;
buildSettings = {
ALWAYS_SEARCH_USER_PATHS = NO;
CLANG_ANALYZER_NONNULL = YES;
CLANG_ANALYZER_NUMBER_OBJECT_CONVERSION = YES_AGGRESSIVE;
CLANG_CXX_LANGUAGE_STANDARD = "gnu++20";
CLANG_ENABLE_MODULES = YES;
CLANG_ENABLE_OBJC_ARC = YES;
CLANG_WARN_BLOCK_CAPTURE_AUTORELEASING = YES;
CLANG_WARN_BOOL_CONVERSION = YES;
CLANG_WARN_COMMA = YES;
CLANG_WARN_CONSTANT_CONVERSION = YES;
CLANG_WARN_DEPRECATED_OBJC_IMPLEMENTATIONS = YES;
CLANG_WARN_DIRECT_OBJC_ISA_USAGE = YES_ERROR;
CLANG_WARN_DOCUMENTATION_COMMENTS = YES;
CLANG_WARN_EMPTY_BODY = YES;
CLANG_WARN_ENUM_CONVERSION = YES;
CLANG_WARN_INFINITE_RECURSION = YES;
CLANG_WARN_INT_CONVERSION = YES;
CLANG_WARN_NON_LITERAL_NULL_CONVERSION = YES;
CLANG_WARN_OBJC_IMPLICIT_RETAIN_SELF = YES;
CLANG_WARN_OBJC_LITERAL_CONVERSION = YES;
CLANG_WARN_QUOTED_INCLUDE_IN_FRAMEWORK_HEADER = YES;
CLANG_WARN_RANGE_LOOP_ANALYSIS = YES;
CLANG_WARN_STRICT_PROTOTYPES = YES;
CLANG_WARN_SUSPICIOUS_MOVE = YES;
CLANG_WARN_UNGUARDED_AVAILABILITY = YES_AGGRESSIVE;
COPY_PHASE_STRIP = YES;
DEBUG_INFORMATION_FORMAT = dwarf;
ENABLE_NS_ASSERTIONS = NO;
ENABLE_STRICT_OBJC_MSGSEND = YES;
GCC_C_LANGUAGE_STANDARD = gnu17;
GCC_NO_COMMON_BLOCKS = YES;
GCC_WARN_64_TO_32_BIT_CONVERSION = YES;
GCC_WARN_ABOUT_RETURN_TYPE = YES_ERROR;
GCC_WARN_UNDECLARED_SELECTOR = YES;
GCC_WARN_UNINITIALIZED_AUTOS = YES_AGGRESSIVE;
GCC_WARN_UNUSED_FUNCTION = YES;
GCC_WARN_UNUSED_VARIABLE = YES;
IPHONEOS_DEPLOYMENT_TARGET = 17.0;
MTL_ENABLE_DEBUG_INFO = NO;
SDKROOT = iphoneos;
SWIFT_COMPILATION_MODE = wholemodule;
SWIFT_VERSION = 5.0;
};
name = Release;
};
/* End XCBuildConfiguration section */

/* Begin XCConfigurationList section */
6C6E3A032B3CB18000000002 /* Build configuration list for PBXProject "NotesApp" */ = {
isa = XCConfigurationList;
buildConfigurations = (
6C6E3A062B3CB18000000002 /* Debug */,
6C6E3A072B3CB18000000002 /* Release */,
);
defaultConfigurationIsVisible = 0;
defaultConfigurationName = Release;
};
6C6E3A122B3CB18000000002 /* Build configuration list for PBXNativeTarget "NotesApp" */ = {
isa = XCConfigurationList;
buildConfigurations = (
6C6E3A042B3CB18000000002 /* Debug */,
6C6E3A052B3CB18000000002 /* Release */,
);
defaultConfigurationIsVisible = 0;
defaultConfigurationName = Release;
};
/* End XCConfigurationList section */

};
rootObject = 6C6E3A002B3CB17000000002 /* Project object */;
}
